
Microsoft Visual Studio Solution File, Format Version 12.00
# Visual Studio Version 17
VisualStudioVersion = 17.13.35931.197 d17.13
MinimumVisualStudioVersion = 10.0.40219.1
Project("{888888A0-9F3D-457C-B088-3A5042F75D52}") = "Testing paython", "Testing paython\Testing paython.pyproj", "{A80BD15A-929F-43D8-BE29-EE9D0CA99B4D}"
EndProject
Global
	GlobalSection(SolutionConfigurationPlatforms) = preSolution
		Debug|Any CPU = Debug|Any CPU
		Release|Any CPU = Release|Any CPU
	EndGlobalSection
	GlobalSection(ProjectConfigurationPlatforms) = postSolution
		{A80BD15A-929F-43D8-BE29-EE9D0CA99B4D}.Debug|Any CPU.ActiveCfg = Debug|Any CPU
		{A80BD15A-929F-43D8-BE29-EE9D0CA99B4D}.Release|Any CPU.ActiveCfg = Release|Any CPU
	EndGlobalSection
	GlobalSection(SolutionProperties) = preSolution
		HideSolutionNode = FALSE
	EndGlobalSection
	GlobalSection(ExtensibilityGlobals) = postSolution
		SolutionGuid = {F0CA94A9-C124-4F3B-A3EE-D9CF2D97AD84}
	EndGlobalSection
EndGlobal
